
Microsoft Visual Studio Solution File, Format Version 12.00
# Visual Studio Version 17
VisualStudioVersion = 17.6.33723.286
MinimumVisualStudioVersion = 10.0.40219.1
Project("{FAE04EC0-301F-11D3-BF4B-00C04F79EFBC}") = "DriveKasse", "DriveKasse\DriveKasse.csproj", "{1074D9BC-2639-45A1-8221-209386BFEE71}"
EndProject
Global
	GlobalSection(SolutionConfigurationPlatforms) = preSolution
		Debug|Any CPU = Debug|Any CPU
		Release|Any CPU = Release|Any CPU
	EndGlobalSection
	GlobalSection(ProjectConfigurationPlatforms) = postSolution
		{1074D9BC-2639-45A1-8221-209386BFEE71}.Debug|Any CPU.ActiveCfg = Debug|Any CPU
		{1074D9BC-2639-45A1-8221-209386BFEE71}.Debug|Any CPU.Build.0 = Debug|Any CPU
		{1074D9BC-2639-45A1-8221-209386BFEE71}.Release|Any CPU.ActiveCfg = Release|Any CPU
		{1074D9BC-2639-45A1-8221-209386BFEE71}.Release|Any CPU.Build.0 = Release|Any CPU
	EndGlobalSection
	GlobalSection(SolutionProperties) = preSolution
		HideSolutionNode = FALSE
	EndGlobalSection
	GlobalSection(ExtensibilityGlobals) = postSolution
		SolutionGuid = {C12EA896-CF36-4488-8294-49CA9CE30B69}
	EndGlobalSection
EndGlobal
